
Microsoft Visual Studio Solution File, Format Version 12.00
# Visual Studio Version 17
VisualStudioVersion = 17.13.35818.85 d17.13
MinimumVisualStudioVersion = 10.0.40219.1
Project("{FAE04EC0-301F-11D3-BF4B-00C04F79EFBC}") = "FastParts", "FastParts\FastParts.csproj", "{7EE42F04-16AA-4FE6-9A24-C5A0143D3EFA}"
EndProject
Global
	GlobalSection(SolutionConfigurationPlatforms) = preSolution
		Debug|Any CPU = Debug|Any CPU
		Release|Any CPU = Release|Any CPU
	EndGlobalSection
	GlobalSection(ProjectConfigurationPlatforms) = postSolution
		{7EE42F04-16AA-4FE6-9A24-C5A0143D3EFA}.Debug|Any CPU.ActiveCfg = Debug|Any CPU
		{7EE42F04-16AA-4FE6-9A24-C5A0143D3EFA}.Debug|Any CPU.Build.0 = Debug|Any CPU
		{7EE42F04-16AA-4FE6-9A24-C5A0143D3EFA}.Release|Any CPU.ActiveCfg = Release|Any CPU
		{7EE42F04-16AA-4FE6-9A24-C5A0143D3EFA}.Release|Any CPU.Build.0 = Release|Any CPU
	EndGlobalSection
	GlobalSection(SolutionProperties) = preSolution
		HideSolutionNode = FALSE
	EndGlobalSection
	GlobalSection(ExtensibilityGlobals) = postSolution
		SolutionGuid = {B99CBCC1-755D-4E7B-9E6B-9943D82FD207}
	EndGlobalSection
EndGlobal
